
Microsoft Visual Studio Solution File, Format Version 12.00
# Visual Studio Version 16
VisualStudioVersion = 16.0.30517.126
MinimumVisualStudioVersion = 10.0.40219.1
Project("{FAE04EC0-301F-11D3-BF4B-00C04F79EFBC}") = "RazorPages_SampleApp", "RazorPages_SampleApp\RazorPages_SampleApp.csproj", "{FEB77DE5-C15D-4294-94C0-BF04C9FDFE27}"
EndProject
Global
	GlobalSection(SolutionConfigurationPlatforms) = preSolution
		Debug|Any CPU = Debug|Any CPU
		Release|Any CPU = Release|Any CPU
	EndGlobalSection
	GlobalSection(ProjectConfigurationPlatforms) = postSolution
		{FEB77DE5-C15D-4294-94C0-BF04C9FDFE27}.Debug|Any CPU.ActiveCfg = Debug|Any CPU
		{FEB77DE5-C15D-4294-94C0-BF04C9FDFE27}.Debug|Any CPU.Build.0 = Debug|Any CPU
		{FEB77DE5-C15D-4294-94C0-BF04C9FDFE27}.Release|Any CPU.ActiveCfg = Release|Any CPU
		{FEB77DE5-C15D-4294-94C0-BF04C9FDFE27}.Release|Any CPU.Build.0 = Release|Any CPU
	EndGlobalSection
	GlobalSection(SolutionProperties) = preSolution
		HideSolutionNode = FALSE
	EndGlobalSection
	GlobalSection(ExtensibilityGlobals) = postSolution
		SolutionGuid = {343AB453-6211-4143-9964-C123F60E4F5A}
	EndGlobalSection
EndGlobal
